Microsoft Visual Studio Solution File, Format Version 12.00
# Visual Studio Version 17
VisualStudioVersion = 17.5.2.0
MinimumVisualStudioVersion = 10.0.40219.1
Project("{FAE04EC0-301F-11D3-BF4B-00C04F79EFBC}") = "Universitetssysten", "Universitetssysten.csproj", "{4BEE571E-00EF-F96C-74CB-8627693AC4C6}"
EndProject
Global
	GlobalSection(SolutionConfigurationPlatforms) = preSolution
		Debug|Any CPU = Debug|Any CPU
		Release|Any CPU = Release|Any CPU
	EndGlobalSection
	GlobalSection(ProjectConfigurationPlatforms) = postSolution
		{4BEE571E-00EF-F96C-74CB-8627693AC4C6}.Debug|Any CPU.ActiveCfg = Debug|Any CPU
		{4BEE571E-00EF-F96C-74CB-8627693AC4C6}.Debug|Any CPU.Build.0 = Debug|Any CPU
		{4BEE571E-00EF-F96C-74CB-8627693AC4C6}.Release|Any CPU.ActiveCfg = Release|Any CPU
		{4BEE571E-00EF-F96C-74CB-8627693AC4C6}.Release|Any CPU.Build.0 = Release|Any CPU
	EndGlobalSection
	GlobalSection(SolutionProperties) = preSolution
		HideSolutionNode = FALSE
	EndGlobalSection
	GlobalSection(ExtensibilityGlobals) = postSolution
		SolutionGuid = {3E2EBF57-9C29-470C-9215-3405F4A8BACA}
	EndGlobalSection
EndGlobal
